
Microsoft Visual Studio Solution File, Format Version 12.00
# Visual Studio Version 17
VisualStudioVersion = 17.11.35312.102
MinimumVisualStudioVersion = 10.0.40219.1
Project("{9A19103F-16F7-4668-BE54-9A1E7A4F7556}") = "Szimulacio", "Simulation\Szimulacio.csproj", "{D8C41A3F-F4C6-4B47-A564-898B7D061E0A}"
EndProject
Project("{9A19103F-16F7-4668-BE54-9A1E7A4F7556}") = "Szimulacio_Lib", "Szimulacio_Lib\Szimulacio_Lib.csproj", "{EA9189DD-6CA9-4359-BB94-39083D016D72}"
EndProject
Global
	GlobalSection(SolutionConfigurationPlatforms) = preSolution
		Debug|Any CPU = Debug|Any CPU
		Release|Any CPU = Release|Any CPU
	EndGlobalSection
	GlobalSection(ProjectConfigurationPlatforms) = postSolution
		{D8C41A3F-F4C6-4B47-A564-898B7D061E0A}.Debug|Any CPU.ActiveCfg = Debug|Any CPU
		{D8C41A3F-F4C6-4B47-A564-898B7D061E0A}.Debug|Any CPU.Build.0 = Debug|Any CPU
		{D8C41A3F-F4C6-4B47-A564-898B7D061E0A}.Release|Any CPU.ActiveCfg = Release|Any CPU
		{D8C41A3F-F4C6-4B47-A564-898B7D061E0A}.Release|Any CPU.Build.0 = Release|Any CPU
		{EA9189DD-6CA9-4359-BB94-39083D016D72}.Debug|Any CPU.ActiveCfg = Debug|Any CPU
		{EA9189DD-6CA9-4359-BB94-39083D016D72}.Debug|Any CPU.Build.0 = Debug|Any CPU
		{EA9189DD-6CA9-4359-BB94-39083D016D72}.Release|Any CPU.ActiveCfg = Release|Any CPU
		{EA9189DD-6CA9-4359-BB94-39083D016D72}.Release|Any CPU.Build.0 = Release|Any CPU
	EndGlobalSection
	GlobalSection(SolutionProperties) = preSolution
		HideSolutionNode = FALSE
	EndGlobalSection
	GlobalSection(ExtensibilityGlobals) = postSolution
		SolutionGuid = {B18DDF76-2A08-41B2-BA6C-A62C231A6DC3}
	EndGlobalSection
EndGlobal
